Microsoft Visual Studio Solution File, Format Version 12.00
# Visual Studio Version 17
VisualStudioVersion = 17.5.2.0
MinimumVisualStudioVersion = 10.0.40219.1
Project("{FAE04EC0-301F-11D3-BF4B-00C04F79EFBC}") = "PdfToPngConverter", "PdfToPngConverter.csproj", "{67985346-76AD-595B-2813-B5B8FFBCE200}"
EndProject
Global
	GlobalSection(SolutionConfigurationPlatforms) = preSolution
		Debug|Any CPU = Debug|Any CPU
		Release|Any CPU = Release|Any CPU
	EndGlobalSection
	GlobalSection(ProjectConfigurationPlatforms) = postSolution
		{67985346-76AD-595B-2813-B5B8FFBCE200}.Debug|Any CPU.ActiveCfg = Debug|Any CPU
		{67985346-76AD-595B-2813-B5B8FFBCE200}.Debug|Any CPU.Build.0 = Debug|Any CPU
		{67985346-76AD-595B-2813-B5B8FFBCE200}.Release|Any CPU.ActiveCfg = Release|Any CPU
		{67985346-76AD-595B-2813-B5B8FFBCE200}.Release|Any CPU.Build.0 = Release|Any CPU
	EndGlobalSection
	GlobalSection(SolutionProperties) = preSolution
		HideSolutionNode = FALSE
	EndGlobalSection
	GlobalSection(ExtensibilityGlobals) = postSolution
		SolutionGuid = {A758AD5A-078E-4F93-9A59-D7CCB15B2C50}
	EndGlobalSection
EndGlobal
